
Microsoft Visual Studio Solution File, Format Version 12.00
# Visual Studio Version 17
VisualStudioVersion = 17.10.34928.147
MinimumVisualStudioVersion = 10.0.40219.1
Project("{FAE04EC0-301F-11D3-BF4B-00C04F79EFBC}") = "AutoUserManual", "AutoUserManual\AutoUserManual.csproj", "{F94397F8-0003-49E4-A038-6CAC87CEF1A1}"
EndProject
Global
	GlobalSection(SolutionConfigurationPlatforms) = preSolution
		Debug|Any CPU = Debug|Any CPU
		Release|Any CPU = Release|Any CPU
	EndGlobalSection
	GlobalSection(ProjectConfigurationPlatforms) = postSolution
		{F94397F8-0003-49E4-A038-6CAC87CEF1A1}.Debug|Any CPU.ActiveCfg = Debug|Any CPU
		{F94397F8-0003-49E4-A038-6CAC87CEF1A1}.Debug|Any CPU.Build.0 = Debug|Any CPU
		{F94397F8-0003-49E4-A038-6CAC87CEF1A1}.Release|Any CPU.ActiveCfg = Release|Any CPU
		{F94397F8-0003-49E4-A038-6CAC87CEF1A1}.Release|Any CPU.Build.0 = Release|Any CPU
	EndGlobalSection
	GlobalSection(SolutionProperties) = preSolution
		HideSolutionNode = FALSE
	EndGlobalSection
	GlobalSection(ExtensibilityGlobals) = postSolution
		SolutionGuid = {91A8B2F3-F152-476A-A79F-9088CE903044}
	EndGlobalSection
EndGlobal
